
Microsoft Visual Studio Solution File, Format Version 12.00
# Visual Studio Version 16
VisualStudioVersion = 16.0.31410.357
MinimumVisualStudioVersion = 10.0.40219.1
Project("{9A19103F-16F7-4668-BE54-9A1E7A4F7556}") = "Volunteers", "Volunteers\Volunteers.csproj", "{6CD99C1F-9B63-44A0-9F76-438585A08E77}"
EndProject
Project("{9A19103F-16F7-4668-BE54-9A1E7A4F7556}") = "Volunteers.Test", "Volunteers.Test\Volunteers.Test.csproj", "{3F30FC07-E2AE-4B0C-A215-4EA915367976}"
EndProject
Global
	GlobalSection(SolutionConfigurationPlatforms) = preSolution
		Debug|Any CPU = Debug|Any CPU
		Release|Any CPU = Release|Any CPU
	EndGlobalSection
	GlobalSection(ProjectConfigurationPlatforms) = postSolution
		{6CD99C1F-9B63-44A0-9F76-438585A08E77}.Debug|Any CPU.ActiveCfg = Debug|Any CPU
		{6CD99C1F-9B63-44A0-9F76-438585A08E77}.Debug|Any CPU.Build.0 = Debug|Any CPU
		{6CD99C1F-9B63-44A0-9F76-438585A08E77}.Release|Any CPU.ActiveCfg = Release|Any CPU
		{6CD99C1F-9B63-44A0-9F76-438585A08E77}.Release|Any CPU.Build.0 = Release|Any CPU
		{3F30FC07-E2AE-4B0C-A215-4EA915367976}.Debug|Any CPU.ActiveCfg = Debug|Any CPU
		{3F30FC07-E2AE-4B0C-A215-4EA915367976}.Release|Any CPU.ActiveCfg = Release|Any CPU
		{3F30FC07-E2AE-4B0C-A215-4EA915367976}.Release|Any CPU.Build.0 = Release|Any CPU
	EndGlobalSection
	GlobalSection(SolutionProperties) = preSolution
		HideSolutionNode = FALSE
	EndGlobalSection
	GlobalSection(ExtensibilityGlobals) = postSolution
		SolutionGuid = {8D764E34-86E0-4256-8389-11EF5CBB5B35}
	EndGlobalSection
EndGlobal
